// !$*UTF8*$!
{
	archiveVersion = 1;
	classes = {
	};
	objectVersion = 51;
	objects = {

/* Begin PBXBuildFile section */
		4E60B53B2688EAAC0086ED63 /* DetailProductPageViewController.swift in Sources */ = {isa = PBXBuildFile; fileRef = 4E60B53A2688EAAC0086ED63 /* DetailProductPageViewController.swift */; };
		4E60B53D268934490086ED63 /* DetailProductPageViewModel.swift in Sources */ = {isa = PBXBuildFile; fileRef = 4E60B53C268934490086ED63 /* DetailProductPageViewModel.swift */; };
		4EA8754226887BCC00177118 /* CategoriesCollectionViewCell.swift in Sources */ = {isa = PBXBuildFile; fileRef = 4EA8754026887BCC00177118 /* CategoriesCollectionViewCell.swift */; };
		4EA8754326887BCC00177118 /* CategoriesCollectionViewCell.xib in Resources */ = {isa = PBXBuildFile; fileRef = 4EA8754126887BCC00177118 /* CategoriesCollectionViewCell.xib */; };
		4EA8754626887BEE00177118 /* ProductListCollectionViewCell.swift in Sources */ = {isa = PBXBuildFile; fileRef = 4EA8754426887BEE00177118 /* ProductListCollectionViewCell.swift */; };
		4EA8754726887BEE00177118 /* ProductListCollectionViewCell.xib in Resources */ = {isa = PBXBuildFile; fileRef = 4EA8754526887BEE00177118 /* ProductListCollectionViewCell.xib */; };
		4EA875492688869F00177118 /* HomeRequest.swift in Sources */ = {isa = PBXBuildFile; fileRef = 4EA875482688869E00177118 /* HomeRequest.swift */; };
		4EAA155C268713F0006954CA /* AppDelegate.swift in Sources */ = {isa = PBXBuildFile; fileRef = 4EAA155B268713F0006954CA /* AppDelegate.swift */; };
		4EAA155E268713F0006954CA /* SceneDelegate.swift in Sources */ = {isa = PBXBuildFile; fileRef = 4EAA155D268713F0006954CA /* SceneDelegate.swift */; };
		4EAA1560268713F0006954CA /* ViewController.swift in Sources */ = {isa = PBXBuildFile; fileRef = 4EAA155F268713F0006954CA /* ViewController.swift */; };
		4EAA1563268713F0006954CA /* Main.storyboard in Resources */ = {isa = PBXBuildFile; fileRef = 4EAA1561268713F0006954CA /* Main.storyboard */; };
		4EAA1565268713F3006954CA /* Assets.xcassets in Resources */ = {isa = PBXBuildFile; fileRef = 4EAA1564268713F3006954CA /* Assets.xcassets */; };
		4EAA1568268713F3006954CA /* LaunchScreen.storyboard in Resources */ = {isa = PBXBuildFile; fileRef = 4EAA1566268713F3006954CA /* LaunchScreen.storyboard */; };
		4EAA1573268713F4006954CA /* SampleECommerceApp_UIKitTests.swift in Sources */ = {isa = PBXBuildFile; fileRef = 4EAA1572268713F4006954CA /* SampleECommerceApp_UIKitTests.swift */; };
		4EAA157E268713F4006954CA /* SampleECommerceApp_UIKitUITests.swift in Sources */ = {isa = PBXBuildFile; fileRef = 4EAA157D268713F4006954CA /* SampleECommerceApp_UIKitUITests.swift */; };
		4EAA1590268715A2006954CA /* LoginViewController.swift in Sources */ = {isa = PBXBuildFile; fileRef = 4EAA158E268715A2006954CA /* LoginViewController.swift */; };
		4EAA1591268715A2006954CA /* LoginViewController.xib in Resources */ = {isa = PBXBuildFile; fileRef = 4EAA158F268715A2006954CA /* LoginViewController.xib */; };
		4EAA1594268715EE006954CA /* HomeModel.swift in Sources */ = {isa = PBXBuildFile; fileRef = 4EAA1593268715EE006954CA /* HomeModel.swift */; };
		4EAA1596268715FE006954CA /* HomeViewModel.swift in Sources */ = {isa = PBXBuildFile; fileRef = 4EAA1595268715FE006954CA /* HomeViewModel.swift */; };
		4EAA159926871610006954CA /* HomeViewController.swift in Sources */ = {isa = PBXBuildFile; fileRef = 4EAA159726871610006954CA /* HomeViewController.swift */; };
		F104394E9F1B7682A9F7FA96 /* Pods_SampleECommerceApp_UIKitTests.framework in Frameworks */ = {isa = PBXBuildFile; fileRef = 503BE34D79DBDF1EE0E59BA2 /* Pods_SampleECommerceApp_UIKitTests.framework */; };
		F2D0589F7E8FE42765DFD43E /* Pods_SampleECommerceApp_UIKit.framework in Frameworks */ = {isa = PBXBuildFile; fileRef = AE059EC4DB0A185B852ECC4C /* Pods_SampleECommerceApp_UIKit.framework */; };
		F5F1167A015A26F23C406A4A /* Pods_SampleECommerceApp_UIKit_SampleECommerceApp_UIKitUITests.framework in Frameworks */ = {isa = PBXBuildFile; fileRef = F8C1BF6E1FB78F2337662ADB /* Pods_SampleECommerceApp_UIKit_SampleECommerceApp_UIKitUITests.framework */; };
/* End PBXBuildFile section */

/* Begin PBXContainerItemProxy section */
		4EAA156F268713F4006954CA /* PBXContainerItemProxy */ = {
			isa = PBXContainerItemProxy;
			containerPortal = 4EAA1550268713F0006954CA /* Project object */;
			proxyType = 1;
			remoteGlobalIDString = 4EAA1557268713F0006954CA;
			remoteInfo = "SampleECommerceApp-UIKit";
		};
		4EAA157A268713F4006954CA /* PBXContainerItemProxy */ = {
			isa = PBXContainerItemProxy;
			containerPortal = 4EAA1550268713F0006954CA /* Project object */;
			proxyType = 1;
			remoteGlobalIDString = 4EAA1557268713F0006954CA;
			remoteInfo = "SampleECommerceApp-UIKit";
		};
/* End PBXContainerItemProxy section */

/* Begin PBXFileReference section */
		09F8CCAEC9ED74CB4281F829 /* Pods-SampleECommerceApp-UIKit-SampleECommerceApp-UIKitUITests.debug.xcconfig */ = {isa = PBXFileReference; includeInIndex = 1; lastKnownFileType = text.xcconfig; name = "Pods-SampleECommerceApp-UIKit-SampleECommerceApp-UIKitUITests.debug.xcconfig"; path = "Target Support Files/Pods-SampleECommerceApp-UIKit-SampleECommerceApp-UIKitUITests/Pods-SampleECommerceApp-UIKit-SampleECommerceApp-UIKitUITests.debug.xcconfig"; sourceTree = "<group>"; };
		1ABA15329399A40944A03887 /* Pods-SampleECommerceApp-UIKitTests.release.xcconfig */ = {isa = PBXFileReference; includeInIndex = 1; lastKnownFileType = text.xcconfig; name = "Pods-SampleECommerceApp-UIKitTests.release.xcconfig"; path = "Target Support Files/Pods-SampleECommerceApp-UIKitTests/Pods-SampleECommerceApp-UIKitTests.release.xcconfig"; sourceTree = "<group>"; };
		4E60B53A2688EAAC0086ED63 /* DetailProductPageViewController.swift */ = {isa = PBXFileReference; lastKnownFileType = sourcecode.swift; path = DetailProductPageViewController.swift; sourceTree = "<group>"; };
		4E60B53C268934490086ED63 /* DetailProductPageViewModel.swift */ = {isa = PBXFileReference; lastKnownFileType = sourcecode.swift; path = DetailProductPageViewModel.swift; sourceTree = "<group>"; };
		4EA8754026887BCC00177118 /* CategoriesCollectionViewCell.swift */ = {isa = PBXFileReference; lastKnownFileType = sourcecode.swift; path = CategoriesCollectionViewCell.swift; sourceTree = "<group>"; };
		4EA8754126887BCC00177118 /* CategoriesCollectionViewCell.xib */ = {isa = PBXFileReference; lastKnownFileType = file.xib; path = CategoriesCollectionViewCell.xib; sourceTree = "<group>"; };
		4EA8754426887BEE00177118 /* ProductListCollectionViewCell.swift */ = {isa = PBXFileReference; lastKnownFileType = sourcecode.swift; path = ProductListCollectionViewCell.swift; sourceTree = "<group>"; };
		4EA8754526887BEE00177118 /* ProductListCollectionViewCell.xib */ = {isa = PBXFileReference; lastKnownFileType = file.xib; path = ProductListCollectionViewCell.xib; sourceTree = "<group>"; };
		4EA875482688869E00177118 /* HomeRequest.swift */ = {isa = PBXFileReference; lastKnownFileType = sourcecode.swift; path = HomeRequest.swift; sourceTree = "<group>"; };
		4EAA1558268713F0006954CA /* SampleECommerceApp-UIKit.app */ = {isa = PBXFileReference; explicitFileType = wrapper.application; includeInIndex = 0; path = "SampleECommerceApp-UIKit.app"; sourceTree = BUILT_PRODUCTS_DIR; };
		4EAA155B268713F0006954CA /* AppDelegate.swift */ = {isa = PBXFileReference; lastKnownFileType = sourcecode.swift; path = AppDelegate.swift; sourceTree = "<group>"; };
		4EAA155D268713F0006954CA /* SceneDelegate.swift */ = {isa = PBXFileReference; lastKnownFileType = sourcecode.swift; path = SceneDelegate.swift; sourceTree = "<group>"; };
		4EAA155F268713F0006954CA /* ViewController.swift */ = {isa = PBXFileReference; lastKnownFileType = sourcecode.swift; path = ViewController.swift; sourceTree = "<group>"; };
		4EAA1562268713F0006954CA /* Base */ = {isa = PBXFileReference; lastKnownFileType = file.storyboard; name = Base; path = Base.lproj/Main.storyboard; sourceTree = "<group>"; };
		4EAA1564268713F3006954CA /* Assets.xcassets */ = {isa = PBXFileReference; lastKnownFileType = folder.assetcatalog; path = Assets.xcassets; sourceTree = "<group>"; };
		4EAA1567268713F3006954CA /* Base */ = {isa = PBXFileReference; lastKnownFileType = file.storyboard; name = Base; path = Base.lproj/LaunchScreen.storyboard; sourceTree = "<group>"; };
		4EAA1569268713F3006954CA /* Info.plist */ = {isa = PBXFileReference; lastKnownFileType = text.plist.xml; path = Info.plist; sourceTree = "<group>"; };
		4EAA156E268713F4006954CA /* SampleECommerceApp-UIKitTests.xctest */ = {isa = PBXFileReference; explicitFileType = wrapper.cfbundle; includeInIndex = 0; path = "SampleECommerceApp-UIKitTests.xctest"; sourceTree = BUILT_PRODUCTS_DIR; };
		4EAA1572268713F4006954CA /* SampleECommerceApp_UIKitTests.swift */ = {isa = PBXFileReference; lastKnownFileType = sourcecode.swift; path = SampleECommerceApp_UIKitTests.swift; sourceTree = "<group>"; };
		4EAA1574268713F4006954CA /* Info.plist */ = {isa = PBXFileReference; lastKnownFileType = text.plist.xml; path = Info.plist; sourceTree = "<group>"; };
		4EAA1579268713F4006954CA /* SampleECommerceApp-UIKitUITests.xctest */ = {isa = PBXFileReference; explicitFileType = wrapper.cfbundle; includeInIndex = 0; path = "SampleECommerceApp-UIKitUITests.xctest"; sourceTree = BUILT_PRODUCTS_DIR; };
		4EAA157D268713F4006954CA /* SampleECommerceApp_UIKitUITests.swift */ = {isa = PBXFileReference; lastKnownFileType = sourcecode.swift; path = SampleECommerceApp_UIKitUITests.swift; sourceTree = "<group>"; };
		4EAA157F268713F4006954CA /* Info.plist */ = {isa = PBXFileReference; lastKnownFileType = text.plist.xml; path = Info.plist; sourceTree = "<group>"; };
		4EAA158E268715A2006954CA /* LoginViewController.swift */ = {isa = PBXFileReference; lastKnownFileType = sourcecode.swift; path = LoginViewController.swift; sourceTree = "<group>"; };
		4EAA158F268715A2006954CA /* LoginViewController.xib */ = {isa = PBXFileReference; lastKnownFileType = file.xib; path = LoginViewController.xib; sourceTree = "<group>"; };
		4EAA1593268715EE006954CA /* HomeModel.swift */ = {isa = PBXFileReference; lastKnownFileType = sourcecode.swift; path = HomeModel.swift; sourceTree = "<group>"; };
		4EAA1595268715FE006954CA /* HomeViewModel.swift */ = {isa = PBXFileReference; lastKnownFileType = sourcecode.swift; path = HomeViewModel.swift; sourceTree = "<group>"; };
		4EAA159726871610006954CA /* HomeViewController.swift */ = {isa = PBXFileReference; lastKnownFileType = sourcecode.swift; path = HomeViewController.swift; sourceTree = "<group>"; };
		503BE34D79DBDF1EE0E59BA2 /* Pods_SampleECommerceApp_UIKitTests.framework */ = {isa = PBXFileReference; explicitFileType = wrapper.framework; includeInIndex = 0; path = Pods_SampleECommerceApp_UIKitTests.framework; sourceTree = BUILT_PRODUCTS_DIR; };
		A1FBC1E102998ECFAC2AEB45 /* Pods-SampleECommerceApp-UIKit-SampleECommerceApp-UIKitUITests.release.xcconfig */ = {isa = PBXFileReference; includeInIndex = 1; lastKnownFileType = text.xcconfig; name = "Pods-SampleECommerceApp-UIKit-SampleECommerceApp-UIKitUITests.release.xcconfig"; path = "Target Support Files/Pods-SampleECommerceApp-UIKit-SampleECommerceApp-UIKitUITests/Pods-SampleECommerceApp-UIKit-SampleECommerceApp-UIKitUITests.release.xcconfig"; sourceTree = "<group>"; };
		AE059EC4DB0A185B852ECC4C /* Pods_SampleECommerceApp_UIKit.framework */ = {isa = PBXFileReference; explicitFileType = wrapper.framework; includeInIndex = 0; path = Pods_SampleECommerceApp_UIKit.framework; sourceTree = BUILT_PRODUCTS_DIR; };
		C736585CFF160BE543198C82 /* Pods-SampleECommerceApp-UIKit.release.xcconfig */ = {isa = PBXFileReference; includeInIndex = 1; lastKnownFileType = text.xcconfig; name = "Pods-SampleECommerceApp-UIKit.release.xcconfig"; path = "Target Support Files/Pods-SampleECommerceApp-UIKit/Pods-SampleECommerceApp-UIKit.release.xcconfig"; sourceTree = "<group>"; };
		C9882B036CF4CB4E19F277D8 /* Pods-SampleECommerceApp-UIKitTests.debug.xcconfig */ = {isa = PBXFileReference; includeInIndex = 1; lastKnownFileType = text.xcconfig; name = "Pods-SampleECommerceApp-UIKitTests.debug.xcconfig"; path = "Target Support Files/Pods-SampleECommerceApp-UIKitTests/Pods-SampleECommerceApp-UIKitTests.debug.xcconfig"; sourceTree = "<group>"; };
		F304CE9B8BB8D918A83B2FF5 /* Pods-SampleECommerceApp-UIKit.debug.xcconfig */ = {isa = PBXFileReference; includeInIndex = 1; lastKnownFileType = text.xcconfig; name = "Pods-SampleECommerceApp-UIKit.debug.xcconfig"; path = "Target Support Files/Pods-SampleECommerceApp-UIKit/Pods-SampleECommerceApp-UIKit.debug.xcconfig"; sourceTree = "<group>"; };
		F8C1BF6E1FB78F2337662ADB /* Pods_SampleECommerceApp_UIKit_SampleECommerceApp_UIKitUITests.framework */ = {isa = PBXFileReference; explicitFileType = wrapper.framework; includeInIndex = 0; path = Pods_SampleECommerceApp_UIKit_SampleECommerceApp_UIKitUITests.framework; sourceTree = BUILT_PRODUCTS_DIR; };
/* End PBXFileReference section */

/* Begin PBXFrameworksBuildPhase section */
		4EAA1555268713F0006954CA /* Frameworks */ = {
			isa = PBXFrameworksBuildPhase;
			buildActionMask = 2147483647;
			files = (
				F2D0589F7E8FE42765DFD43E /* Pods_SampleECommerceApp_UIKit.framework in Frameworks */,
			);
			runOnlyForDeploymentPostprocessing = 0;
		};
		4EAA156B268713F4006954CA /* Frameworks */ = {
			isa = PBXFrameworksBuildPhase;
			buildActionMask = 2147483647;
			files = (
				F104394E9F1B7682A9F7FA96 /* Pods_SampleECommerceApp_UIKitTests.framework in Frameworks */,
			);
			runOnlyForDeploymentPostprocessing = 0;
		};
		4EAA1576268713F4006954CA /* Frameworks */ = {
			isa = PBXFrameworksBuildPhase;
			buildActionMask = 2147483647;
			files = (
				F5F1167A015A26F23C406A4A /* Pods_SampleECommerceApp_UIKit_SampleECommerceApp_UIKitUITests.framework in Frameworks */,
			);
			runOnlyForDeploymentPostprocessing = 0;
		};
/* End PBXFrameworksBuildPhase section */

/* Begin PBXGroup section */
		08CBC0CA41A1958EA679EF4D /* Frameworks */ = {
			isa = PBXGroup;
			children = (
				AE059EC4DB0A185B852ECC4C /* Pods_SampleECommerceApp_UIKit.framework */,
				F8C1BF6E1FB78F2337662ADB /* Pods_SampleECommerceApp_UIKit_SampleECommerceApp_UIKitUITests.framework */,
				503BE34D79DBDF1EE0E59BA2 /* Pods_SampleECommerceApp_UIKitTests.framework */,
			);
			name = Frameworks;
			sourceTree = "<group>";
		};
		4E60B5392688EA400086ED63 /* DetailProductPage */ = {
			isa = PBXGroup;
			children = (
				4E60B53A2688EAAC0086ED63 /* DetailProductPageViewController.swift */,
				4E60B53C268934490086ED63 /* DetailProductPageViewModel.swift */,
			);
			path = DetailProductPage;
			sourceTree = "<group>";
		};
		4EAA154F268713F0006954CA = {
			isa = PBXGroup;
			children = (
				4EAA155A268713F0006954CA /* SampleECommerceApp-UIKit */,
				4EAA1571268713F4006954CA /* SampleECommerceApp-UIKitTests */,
				4EAA157C268713F4006954CA /* SampleECommerceApp-UIKitUITests */,
				4EAA1559268713F0006954CA /* Products */,
				C09420F45F8658B6C24FADEF /* Pods */,
				08CBC0CA41A1958EA679EF4D /* Frameworks */,
			);
			sourceTree = "<group>";
		};
		4EAA1559268713F0006954CA /* Products */ = {
			isa = PBXGroup;
			children = (
				4EAA1558268713F0006954CA /* SampleECommerceApp-UIKit.app */,
				4EAA156E268713F4006954CA /* SampleECommerceApp-UIKitTests.xctest */,
				4EAA1579268713F4006954CA /* SampleECommerceApp-UIKitUITests.xctest */,
			);
			name = Products;
			sourceTree = "<group>";
		};
		4EAA155A268713F0006954CA /* SampleECommerceApp-UIKit */ = {
			isa = PBXGroup;
			children = (
				4EAA158B268714FB006954CA /* LoginPage */,
				4EAA1592268715D6006954CA /* HomePage */,
				4E60B5392688EA400086ED63 /* DetailProductPage */,
				4EAA155B268713F0006954CA /* AppDelegate.swift */,
				4EAA155D268713F0006954CA /* SceneDelegate.swift */,
				4EAA155F268713F0006954CA /* ViewController.swift */,
				4EAA1561268713F0006954CA /* Main.storyboard */,
				4EAA1564268713F3006954CA /* Assets.xcassets */,
				4EAA1566268713F3006954CA /* LaunchScreen.storyboard */,
				4EAA1569268713F3006954CA /* Info.plist */,
			);
			path = "SampleECommerceApp-UIKit";
			sourceTree = "<group>";
		};
		4EAA1571268713F4006954CA /* SampleECommerceApp-UIKitTests */ = {
			isa = PBXGroup;
			children = (
				4EAA1572268713F4006954CA /* SampleECommerceApp_UIKitTests.swift */,
				4EAA1574268713F4006954CA /* Info.plist */,
			);
			path = "SampleECommerceApp-UIKitTests";
			sourceTree = "<group>";
		};
		4EAA157C268713F4006954CA /* SampleECommerceApp-UIKitUITests */ = {
			isa = PBXGroup;
			children = (
				4EAA157D268713F4006954CA /* SampleECommerceApp_UIKitUITests.swift */,
				4EAA157F268713F4006954CA /* Info.plist */,
			);
			path = "SampleECommerceApp-UIKitUITests";
			sourceTree = "<group>";
		};
		4EAA158B268714FB006954CA /* LoginPage */ = {
			isa = PBXGroup;
			children = (
				4EAA158E268715A2006954CA /* LoginViewController.swift */,
				4EAA158F268715A2006954CA /* LoginViewController.xib */,
			);
			path = LoginPage;
			sourceTree = "<group>";
		};
		4EAA1592268715D6006954CA /* HomePage */ = {
			isa = PBXGroup;
			children = (
				4EAA1593268715EE006954CA /* HomeModel.swift */,
				4EAA1595268715FE006954CA /* HomeViewModel.swift */,
				4EA875482688869E00177118 /* HomeRequest.swift */,
				4EAA159726871610006954CA /* HomeViewController.swift */,
				4EA8754026887BCC00177118 /* CategoriesCollectionViewCell.swift */,
				4EA8754126887BCC00177118 /* CategoriesCollectionViewCell.xib */,
				4EA8754426887BEE00177118 /* ProductListCollectionViewCell.swift */,
				4EA8754526887BEE00177118 /* ProductListCollectionViewCell.xib */,
			);
			path = HomePage;
			sourceTree = "<group>";
		};
		C09420F45F8658B6C24FADEF /* Pods */ = {
			isa = PBXGroup;
			children = (
				F304CE9B8BB8D918A83B2FF5 /* Pods-SampleECommerceApp-UIKit.debug.xcconfig */,
				C736585CFF160BE543198C82 /* Pods-SampleECommerceApp-UIKit.release.xcconfig */,
				09F8CCAEC9ED74CB4281F829 /* Pods-SampleECommerceApp-UIKit-SampleECommerceApp-UIKitUITests.debug.xcconfig */,
				A1FBC1E102998ECFAC2AEB45 /* Pods-SampleECommerceApp-UIKit-SampleECommerceApp-UIKitUITests.release.xcconfig */,
				C9882B036CF4CB4E19F277D8 /* Pods-SampleECommerceApp-UIKitTests.debug.xcconfig */,
				1ABA15329399A40944A03887 /* Pods-SampleECommerceApp-UIKitTests.release.xcconfig */,
			);
			path = Pods;
			sourceTree = "<group>";
		};
/* End PBXGroup section */

/* Begin PBXNativeTarget section */
		4EAA1557268713F0006954CA /* SampleECommerceApp-UIKit */ = {
			isa = PBXNativeTarget;
			buildConfigurationList = 4EAA1582268713F4006954CA /* Build configuration list for PBXNativeTarget "SampleECommerceApp-UIKit" */;
			buildPhases = (
				E1A403030F94B0B6A17CFE03 /* [CP] Check Pods Manifest.lock */,
				4EAA1554268713F0006954CA /* Sources */,
				4EAA1555268713F0006954CA /* Frameworks */,
				4EAA1556268713F0006954CA /* Resources */,
				A69FACD969B679AB87837EE5 /* [CP] Embed Pods Frameworks */,
				1A182F05B9E7E9EFB5E165E3 /* [CP] Copy Pods Resources */,
			);
			buildRules = (
			);
			dependencies = (
			);
			name = "SampleECommerceApp-UIKit";
			productName = "SampleECommerceApp-UIKit";
			productReference = 4EAA1558268713F0006954CA /* SampleECommerceApp-UIKit.app */;
			productType = "com.apple.product-type.application";
		};
		4EAA156D268713F4006954CA /* SampleECommerceApp-UIKitTests */ = {
			isa = PBXNativeTarget;
			buildConfigurationList = 4EAA1585268713F4006954CA /* Build configuration list for PBXNativeTarget "SampleECommerceApp-UIKitTests" */;
			buildPhases = (
				B2810FEEDBFDAD6DD6DF4B34 /* [CP] Check Pods Manifest.lock */,
				4EAA156A268713F4006954CA /* Sources */,
				4EAA156B268713F4006954CA /* Frameworks */,
				4EAA156C268713F4006954CA /* Resources */,
			);
			buildRules = (
			);
			dependencies = (
				4EAA1570268713F4006954CA /* PBXTargetDependency */,
			);
			name = "SampleECommerceApp-UIKitTests";
			productName = "SampleECommerceApp-UIKitTests";
			productReference = 4EAA156E268713F4006954CA /* SampleECommerceApp-UIKitTests.xctest */;
			productType = "com.apple.product-type.bundle.unit-test";
		};
		4EAA1578268713F4006954CA /* SampleECommerceApp-UIKitUITests */ = {
			isa = PBXNativeTarget;
			buildConfigurationList = 4EAA1588268713F4006954CA /* Build configuration list for PBXNativeTarget "SampleECommerceApp-UIKitUITests" */;
			buildPhases = (
				368132987E8E9612EF65312A /* [CP] Check Pods Manifest.lock */,
				4EAA1575268713F4006954CA /* Sources */,
				4EAA1576268713F4006954CA /* Frameworks */,
				4EAA1577268713F4006954CA /* Resources */,
				47E9E78009F049E63C1BD2F1 /* [CP] Embed Pods Frameworks */,
				7D8304BEEB164577C67B5617 /* [CP] Copy Pods Resources */,
			);
			buildRules = (
			);
			dependencies = (
				4EAA157B268713F4006954CA /* PBXTargetDependency */,
			);
			name = "SampleECommerceApp-UIKitUITests";
			productName = "SampleECommerceApp-UIKitUITests";
			productReference = 4EAA1579268713F4006954CA /* SampleECommerceApp-UIKitUITests.xctest */;
			productType = "com.apple.product-type.bundle.ui-testing";
		};
/* End PBXNativeTarget section */

/* Begin PBXProject section */
		4EAA1550268713F0006954CA /* Project object */ = {
			isa = PBXProject;
			attributes = {
				LastSwiftUpdateCheck = 1250;
				LastUpgradeCheck = 1250;
				TargetAttributes = {
					4EAA1557268713F0006954CA = {
						CreatedOnToolsVersion = 12.5.1;
					};
					4EAA156D268713F4006954CA = {
						CreatedOnToolsVersion = 12.5.1;
						TestTargetID = 4EAA1557268713F0006954CA;
					};
					4EAA1578268713F4006954CA = {
						CreatedOnToolsVersion = 12.5.1;
						TestTargetID = 4EAA1557268713F0006954CA;
					};
				};
			};
			buildConfigurationList = 4EAA1553268713F0006954CA /* Build configuration list for PBXProject "SampleECommerceApp-UIKit" */;
			compatibilityVersion = "Xcode 9.3";
			developmentRegion = en;
			hasScannedForEncodings = 0;
			knownRegions = (
				en,
				Base,
			);
			mainGroup = 4EAA154F268713F0006954CA;
			productRefGroup = 4EAA1559268713F0006954CA /* Products */;
			projectDirPath = "";
			projectRoot = "";
			targets = (
				4EAA1557268713F0006954CA /* SampleECommerceApp-UIKit */,
				4EAA156D268713F4006954CA /* SampleECommerceApp-UIKitTests */,
				4EAA1578268713F4006954CA /* SampleECommerceApp-UIKitUITests */,
			);
		};
/* End PBXProject section */

/* Begin PBXResourcesBuildPhase section */
		4EAA1556268713F0006954CA /* Resources */ = {
			isa = PBXResourcesBuildPhase;
			buildActionMask = 2147483647;
			files = (
				4EAA1591268715A2006954CA /* LoginViewController.xib in Resources */,
				4EA8754326887BCC00177118 /* CategoriesCollectionViewCell.xib in Resources */,
				4EA8754726887BEE00177118 /* ProductListCollectionViewCell.xib in Resources */,
				4EAA1568268713F3006954CA /* LaunchScreen.storyboard in Resources */,
				4EAA1565268713F3006954CA /* Assets.xcassets in Resources */,
				4EAA1563268713F0006954CA /* Main.storyboard in Resources */,
			);
			runOnlyForDeploymentPostprocessing = 0;
		};
		4EAA156C268713F4006954CA /* Resources */ = {
			isa = PBXResourcesBuildPhase;
			buildActionMask = 2147483647;
			files = (
			);
			runOnlyForDeploymentPostprocessing = 0;
		};
		4EAA1577268713F4006954CA /* Resources */ = {
			isa = PBXResourcesBuildPhase;
			buildActionMask = 2147483647;
			files = (
			);
			runOnlyForDeploymentPostprocessing = 0;
		};
/* End PBXResourcesBuildPhase section */

/* Begin PBXShellScriptBuildPhase section */
		1A182F05B9E7E9EFB5E165E3 /* [CP] Copy Pods Resources */ = {
			isa = PBXShellScriptBuildPhase;
			buildActionMask = 2147483647;
			files = (
			);
			inputFileListPaths = (
				"${PODS_ROOT}/Target Support Files/Pods-SampleECommerceApp-UIKit/Pods-SampleECommerceApp-UIKit-resources-${CONFIGURATION}-input-files.xcfilelist",
			);
			name = "[CP] Copy Pods Resources";
			outputFileListPaths = (
				"${PODS_ROOT}/Target Support Files/Pods-SampleECommerceApp-UIKit/Pods-SampleECommerceApp-UIKit-resources-${CONFIGURATION}-output-files.xcfilelist",
			);
			runOnlyForDeploymentPostprocessing = 0;
			shellPath = /bin/sh;
			shellScript = "\"${PODS_ROOT}/Target Support Files/Pods-SampleECommerceApp-UIKit/Pods-SampleECommerceApp-UIKit-resources.sh\"\n";
			showEnvVarsInLog = 0;
		};
		368132987E8E9612EF65312A /* [CP] Check Pods Manifest.lock */ = {
			isa = PBXShellScriptBuildPhase;
			buildActionMask = 2147483647;
			files = (
			);
			inputFileListPaths = (
			);
			inputPaths = (
				"${PODS_PODFILE_DIR_PATH}/Podfile.lock",
				"${PODS_ROOT}/Manifest.lock",
			);
			name = "[CP] Check Pods Manifest.lock";
			outputFileListPaths = (
			);
			outputPaths = (
				"$(DERIVED_FILE_DIR)/Pods-SampleECommerceApp-UIKit-SampleECommerceApp-UIKitUITests-checkManifestLockResult.txt",
			);
			runOnlyForDeploymentPostprocessing = 0;
			shellPath = /bin/sh;
			shellScript = "diff \"${PODS_PODFILE_DIR_PATH}/Podfile.lock\" \"${PODS_ROOT}/Manifest.lock\" > /dev/null\nif [ $? != 0 ] ; then\n    # print error to STDERR\n    echo \"error: The sandbox is not in sync with the Podfile.lock. Run 'pod install' or update your CocoaPods installation.\" >&2\n    exit 1\nfi\n# This output is used by Xcode 'outputs' to avoid re-running this script phase.\necho \"SUCCESS\" > \"${SCRIPT_OUTPUT_FILE_0}\"\n";
			showEnvVarsInLog = 0;
		};
		47E9E78009F049E63C1BD2F1 /* [CP] Embed Pods Frameworks */ = {
			isa = PBXShellScriptBuildPhase;
			buildActionMask = 2147483647;
			files = (
			);
			inputFileListPaths = (
				"${PODS_ROOT}/Target Support Files/Pods-SampleECommerceApp-UIKit-SampleECommerceApp-UIKitUITests/Pods-SampleECommerceApp-UIKit-SampleECommerceApp-UIKitUITests-frameworks-${CONFIGURATION}-input-files.xcfilelist",
			);
			name = "[CP] Embed Pods Frameworks";
			outputFileListPaths = (
				"${PODS_ROOT}/Target Support Files/Pods-SampleECommerceApp-UIKit-SampleECommerceApp-UIKitUITests/Pods-SampleECommerceApp-UIKit-SampleECommerceApp-UIKitUITests-frameworks-${CONFIGURATION}-output-files.xcfilelist",
			);
			runOnlyForDeploymentPostprocessing = 0;
			shellPath = /bin/sh;
			shellScript = "\"${PODS_ROOT}/Target Support Files/Pods-SampleECommerceApp-UIKit-SampleECommerceApp-UIKitUITests/Pods-SampleECommerceApp-UIKit-SampleECommerceApp-UIKitUITests-frameworks.sh\"\n";
			showEnvVarsInLog = 0;
		};
		7D8304BEEB164577C67B5617 /* [CP] Copy Pods Resources */ = {
			isa = PBXShellScriptBuildPhase;
			buildActionMask = 2147483647;
			files = (
			);
			inputFileListPaths = (
				"${PODS_ROOT}/Target Support Files/Pods-SampleECommerceApp-UIKit-SampleECommerceApp-UIKitUITests/Pods-SampleECommerceApp-UIKit-SampleECommerceApp-UIKitUITests-resources-${CONFIGURATION}-input-files.xcfilelist",
			);
			name = "[CP] Copy Pods Resources";
			outputFileListPaths = (
				"${PODS_ROOT}/Target Support Files/Pods-SampleECommerceApp-UIKit-SampleECommerceApp-UIKitUITests/Pods-SampleECommerceApp-UIKit-SampleECommerceApp-UIKitUITests-resources-${CONFIGURATION}-output-files.xcfilelist",
			);
			runOnlyForDeploymentPostprocessing = 0;
			shellPath = /bin/sh;
			shellScript = "\"${PODS_ROOT}/Target Support Files/Pods-SampleECommerceApp-UIKit-SampleECommerceApp-UIKitUITests/Pods-SampleECommerceApp-UIKit-SampleECommerceApp-UIKitUITests-resources.sh\"\n";
			showEnvVarsInLog = 0;
		};
		A69FACD969B679AB87837EE5 /* [CP] Embed Pods Frameworks */ = {
			isa = PBXShellScriptBuildPhase;
			buildActionMask = 2147483647;
			files = (
			);
			inputFileListPaths = (
				"${PODS_ROOT}/Target Support Files/Pods-SampleECommerceApp-UIKit/Pods-SampleECommerceApp-UIKit-frameworks-${CONFIGURATION}-input-files.xcfilelist",
			);
			name = "[CP] Embed Pods Frameworks";
			outputFileListPaths = (
				"${PODS_ROOT}/Target Support Files/Pods-SampleECommerceApp-UIKit/Pods-SampleECommerceApp-UIKit-frameworks-${CONFIGURATION}-output-files.xcfilelist",
			);
			runOnlyForDeploymentPostprocessing = 0;
			shellPath = /bin/sh;
			shellScript = "\"${PODS_ROOT}/Target Support Files/Pods-SampleECommerceApp-UIKit/Pods-SampleECommerceApp-UIKit-frameworks.sh\"\n";
			showEnvVarsInLog = 0;
		};
		B2810FEEDBFDAD6DD6DF4B34 /* [CP] Check Pods Manifest.lock */ = {
			isa = PBXShellScriptBuildPhase;
			buildActionMask = 2147483647;
			files = (
			);
			inputFileListPaths = (
			);
			inputPaths = (
				"${PODS_PODFILE_DIR_PATH}/Podfile.lock",
				"${PODS_ROOT}/Manifest.lock",
			);
			name = "[CP] Check Pods Manifest.lock";
			outputFileListPaths = (
			);
			outputPaths = (
				"$(DERIVED_FILE_DIR)/Pods-SampleECommerceApp-UIKitTests-checkManifestLockResult.txt",
			);
			runOnlyForDeploymentPostprocessing = 0;
			shellPath = /bin/sh;
			shellScript = "diff \"${PODS_PODFILE_DIR_PATH}/Podfile.lock\" \"${PODS_ROOT}/Manifest.lock\" > /dev/null\nif [ $? != 0 ] ; then\n    # print error to STDERR\n    echo \"error: The sandbox is not in sync with the Podfile.lock. Run 'pod install' or update your CocoaPods installation.\" >&2\n    exit 1\nfi\n# This output is used by Xcode 'outputs' to avoid re-running this script phase.\necho \"SUCCESS\" > \"${SCRIPT_OUTPUT_FILE_0}\"\n";
			showEnvVarsInLog = 0;
		};
		E1A403030F94B0B6A17CFE03 /* [CP] Check Pods Manifest.lock */ = {
			isa = PBXShellScriptBuildPhase;
			buildActionMask = 2147483647;
			files = (
			);
			inputFileListPaths = (
			);
			inputPaths = (
				"${PODS_PODFILE_DIR_PATH}/Podfile.lock",
				"${PODS_ROOT}/Manifest.lock",
			);
			name = "[CP] Check Pods Manifest.lock";
			outputFileListPaths = (
			);
			outputPaths = (
				"$(DERIVED_FILE_DIR)/Pods-SampleECommerceApp-UIKit-checkManifestLockResult.txt",
			);
			runOnlyForDeploymentPostprocessing = 0;
			shellPath = /bin/sh;
			shellScript = "diff \"${PODS_PODFILE_DIR_PATH}/Podfile.lock\" \"${PODS_ROOT}/Manifest.lock\" > /dev/null\nif [ $? != 0 ] ; then\n    # print error to STDERR\n    echo \"error: The sandbox is not in sync with the Podfile.lock. Run 'pod install' or update your CocoaPods installation.\" >&2\n    exit 1\nfi\n# This output is used by Xcode 'outputs' to avoid re-running this script phase.\necho \"SUCCESS\" > \"${SCRIPT_OUTPUT_FILE_0}\"\n";
			showEnvVarsInLog = 0;
		};
/* End PBXShellScriptBuildPhase section */

/* Begin PBXSourcesBuildPhase section */
		4EAA1554268713F0006954CA /* Sources */ = {
			isa = PBXSourcesBuildPhase;
			buildActionMask = 2147483647;
			files = (
				4EAA1590268715A2006954CA /* LoginViewController.swift in Sources */,
				4EA8754626887BEE00177118 /* ProductListCollectionViewCell.swift in Sources */,
				4EAA1596268715FE006954CA /* HomeViewModel.swift in Sources */,
				4EA8754226887BCC00177118 /* CategoriesCollectionViewCell.swift in Sources */,
				4E60B53D268934490086ED63 /* DetailProductPageViewModel.swift in Sources */,
				4EAA1560268713F0006954CA /* ViewController.swift in Sources */,
				4EAA155C268713F0006954CA /* AppDelegate.swift in Sources */,
				4EA875492688869F00177118 /* HomeRequest.swift in Sources */,
				4E60B53B2688EAAC0086ED63 /* DetailProductPageViewController.swift in Sources */,
				4EAA1594268715EE006954CA /* HomeModel.swift in Sources */,
				4EAA159926871610006954CA /* HomeViewController.swift in Sources */,
				4EAA155E268713F0006954CA /* SceneDelegate.swift in Sources */,
			);
			runOnlyForDeploymentPostprocessing = 0;
		};
		4EAA156A268713F4006954CA /* Sources */ = {
			isa = PBXSourcesBuildPhase;
			buildActionMask = 2147483647;
			files = (
				4EAA1573268713F4006954CA /* SampleECommerceApp_UIKitTests.swift in Sources */,
			);
			runOnlyForDeploymentPostprocessing = 0;
		};
		4EAA1575268713F4006954CA /* Sources */ = {
			isa = PBXSourcesBuildPhase;
			buildActionMask = 2147483647;
			files = (
				4EAA157E268713F4006954CA /* SampleECommerceApp_UIKitUITests.swift in Sources */,
			);
			runOnlyForDeploymentPostprocessing = 0;
		};
/* End PBXSourcesBuildPhase section */

/* Begin PBXTargetDependency section */
		4EAA1570268713F4006954CA /* PBXTargetDependency */ = {
			isa = PBXTargetDependency;
			target = 4EAA1557268713F0006954CA /* SampleECommerceApp-UIKit */;
			targetProxy = 4EAA156F268713F4006954CA /* PBXContainerItemProxy */;
		};
		4EAA157B268713F4006954CA /* PBXTargetDependency */ = {
			isa = PBXTargetDependency;
			target = 4EAA1557268713F0006954CA /* SampleECommerceApp-UIKit */;
			targetProxy = 4EAA157A268713F4006954CA /* PBXContainerItemProxy */;
		};
/* End PBXTargetDependency section */

/* Begin PBXVariantGroup section */
		4EAA1561268713F0006954CA /* Main.storyboard */ = {
			isa = PBXVariantGroup;
			children = (
				4EAA1562268713F0006954CA /* Base */,
			);
			name = Main.storyboard;
			sourceTree = "<group>";
		};
		4EAA1566268713F3006954CA /* LaunchScreen.storyboard */ = {
			isa = PBXVariantGroup;
			children = (
				4EAA1567268713F3006954CA /* Base */,
			);
			name = LaunchScreen.storyboard;
			sourceTree = "<group>";
		};
/* End PBXVariantGroup section */

/* Begin XCBuildConfiguration section */
		4EAA1580268713F4006954CA /* Debug */ = {
			isa = XCBuildConfiguration;
			buildSettings = {
				ALWAYS_SEARCH_USER_PATHS = NO;
				CLANG_ANALYZER_NONNULL = YES;
				CLANG_ANALYZER_NUMBER_OBJECT_CONVERSION = YES_AGGRESSIVE;
				CLANG_CXX_LANGUAGE_STANDARD = "gnu++14";
				CLANG_CXX_LIBRARY = "libc++";
				CLANG_ENABLE_MODULES = YES;
				CLANG_ENABLE_OBJC_ARC = YES;
				CLANG_ENABLE_OBJC_WEAK = YES;
				CLANG_WARN_BLOCK_CAPTURE_AUTORELEASING = YES;
				CLANG_WARN_BOOL_CONVERSION = YES;
				CLANG_WARN_COMMA = YES;
				CLANG_WARN_CONSTANT_CONVERSION = YES;
				CLANG_WARN_DEPRECATED_OBJC_IMPLEMENTATIONS = YES;
				CLANG_WARN_DIRECT_OBJC_ISA_USAGE = YES_ERROR;
				CLANG_WARN_DOCUMENTATION_COMMENTS = YES;
				CLANG_WARN_EMPTY_BODY = YES;
				CLANG_WARN_ENUM_CONVERSION = YES;
				CLANG_WARN_INFINITE_RECURSION = YES;
				CLANG_WARN_INT_CONVERSION = YES;
				CLANG_WARN_NON_LITERAL_NULL_CONVERSION = YES;
				CLANG_WARN_OBJC_IMPLICIT_RETAIN_SELF = YES;
				CLANG_WARN_OBJC_LITERAL_CONVERSION = YES;
				CLANG_WARN_OBJC_ROOT_CLASS = YES_ERROR;
				CLANG_WARN_QUOTED_INCLUDE_IN_FRAMEWORK_HEADER = YES;
				CLANG_WARN_RANGE_LOOP_ANALYSIS = YES;
				CLANG_WARN_STRICT_PROTOTYPES = YES;
				CLANG_WARN_SUSPICIOUS_MOVE = YES;
				CLANG_WARN_UNGUARDED_AVAILABILITY = YES_AGGRESSIVE;
				CLANG_WARN_UNREACHABLE_CODE = YES;
				CLANG_WARN__DUPLICATE_METHOD_MATCH = YES;
				COPY_PHASE_STRIP = NO;
				DEBUG_INFORMATION_FORMAT = dwarf;
				ENABLE_STRICT_OBJC_MSGSEND = YES;
				ENABLE_TESTABILITY = YES;
				GCC_C_LANGUAGE_STANDARD = gnu11;
				GCC_DYNAMIC_NO_PIC = NO;
				GCC_NO_COMMON_BLOCKS = YES;
				GCC_OPTIMIZATION_LEVEL = 0;
				GCC_PREPROCESSOR_DEFINITIONS = (
					"DEBUG=1",
					"$(inherited)",
				);
				GCC_WARN_64_TO_32_BIT_CONVERSION = YES;
				GCC_WARN_ABOUT_RETURN_TYPE = YES_ERROR;
				GCC_WARN_UNDECLARED_SELECTOR = YES;
				GCC_WARN_UNINITIALIZED_AUTOS = YES_AGGRESSIVE;
				GCC_WARN_UNUSED_FUNCTION = YES;
				GCC_WARN_UNUSED_VARIABLE = YES;
				IPHONEOS_DEPLOYMENT_TARGET = 14.5;
				MTL_ENABLE_DEBUG_INFO = INCLUDE_SOURCE;
				MTL_FAST_MATH = YES;
				ONLY_ACTIVE_ARCH = YES;
				SDKROOT = iphoneos;
				SWIFT_ACTIVE_COMPILATION_CONDITIONS = DEBUG;
				SWIFT_OPTIMIZATION_LEVEL = "-Onone";
			};
			name = Debug;
		};
		4EAA1581268713F4006954CA /* Release */ = {
			isa = XCBuildConfiguration;
			buildSettings = {
				ALWAYS_SEARCH_USER_PATHS = NO;
				CLANG_ANALYZER_NONNULL = YES;
				CLANG_ANALYZER_NUMBER_OBJECT_CONVERSION = YES_AGGRESSIVE;
				CLANG_CXX_LANGUAGE_STANDARD = "gnu++14";
				CLANG_CXX_LIBRARY = "libc++";
				CLANG_ENABLE_MODULES = YES;
				CLANG_ENABLE_OBJC_ARC = YES;
				CLANG_ENABLE_OBJC_WEAK = YES;
				CLANG_WARN_BLOCK_CAPTURE_AUTORELEASING = YES;
				CLANG_WARN_BOOL_CONVERSION = YES;
				CLANG_WARN_COMMA = YES;
				CLANG_WARN_CONSTANT_CONVERSION = YES;
				CLANG_WARN_DEPRECATED_OBJC_IMPLEMENTATIONS = YES;
				CLANG_WARN_DIRECT_OBJC_ISA_USAGE = YES_ERROR;
				CLANG_WARN_DOCUMENTATION_COMMENTS = YES;
				CLANG_WARN_EMPTY_BODY = YES;
				CLANG_WARN_ENUM_CONVERSION = YES;
				CLANG_WARN_INFINITE_RECURSION = YES;
				CLANG_WARN_INT_CONVERSION = YES;
				CLANG_WARN_NON_LITERAL_NULL_CONVERSION = YES;
				CLANG_WARN_OBJC_IMPLICIT_RETAIN_SELF = YES;
				CLANG_WARN_OBJC_LITERAL_CONVERSION = YES;
				CLANG_WARN_OBJC_ROOT_CLASS = YES_ERROR;
				CLANG_WARN_QUOTED_INCLUDE_IN_FRAMEWORK_HEADER = YES;
				CLANG_WARN_RANGE_LOOP_ANALYSIS = YES;
				CLANG_WARN_STRICT_PROTOTYPES = YES;
				CLANG_WARN_SUSPICIOUS_MOVE = YES;
				CLANG_WARN_UNGUARDED_AVAILABILITY = YES_AGGRESSIVE;
				CLANG_WARN_UNREACHABLE_CODE = YES;
				CLANG_WARN__DUPLICATE_METHOD_MATCH = YES;
				COPY_PHASE_STRIP = NO;
				DEBUG_INFORMATION_FORMAT = "dwarf-with-dsym";
				ENABLE_NS_ASSERTIONS = NO;
				ENABLE_STRICT_OBJC_MSGSEND = YES;
				GCC_C_LANGUAGE_STANDARD = gnu11;
				GCC_NO_COMMON_BLOCKS = YES;
				GCC_WARN_64_TO_32_BIT_CONVERSION = YES;
				GCC_WARN_ABOUT_RETURN_TYPE = YES_ERROR;
				GCC_WARN_UNDECLARED_SELECTOR = YES;
				GCC_WARN_UNINITIALIZED_AUTOS = YES_AGGRESSIVE;
				GCC_WARN_UNUSED_FUNCTION = YES;
				GCC_WARN_UNUSED_VARIABLE = YES;
				IPHONEOS_DEPLOYMENT_TARGET = 14.5;
				MTL_ENABLE_DEBUG_INFO = NO;
				MTL_FAST_MATH = YES;
				SDKROOT = iphoneos;
				SWIFT_COMPILATION_MODE = wholemodule;
				SWIFT_OPTIMIZATION_LEVEL = "-O";
				VALIDATE_PRODUCT = YES;
			};
			name = Release;
		};
		4EAA1583268713F4006954CA /* Debug */ = {
			isa = XCBuildConfiguration;
			baseConfigurationReference = F304CE9B8BB8D918A83B2FF5 /* Pods-SampleECommerceApp-UIKit.debug.xcconfig */;
			buildSettings = {
				ASSETCATALOG_COMPILER_APPICON_NAME = AppIcon;
				ASSETCATALOG_COMPILER_GLOBAL_ACCENT_COLOR_NAME = AccentColor;
				CODE_SIGN_STYLE = Automatic;
				DEVELOPMENT_TEAM = 85YSJX97S8;
				INFOPLIST_FILE = "SampleECommerceApp-UIKit/Info.plist";
				IPHONEOS_DEPLOYMENT_TARGET = 13.0;
				LD_RUNPATH_SEARCH_PATHS = (
					"$(inherited)",
					"@executable_path/Frameworks",
				);
				PRODUCT_BUNDLE_IDENTIFIER = "com.MuhammadRajab.SampleECommerceApp-UIKit";
				PRODUCT_NAME = "$(TARGET_NAME)";
				SWIFT_VERSION = 5.0;
				TARGETED_DEVICE_FAMILY = 1;
			};
			name = Debug;
		};
		4EAA1584268713F4006954CA /* Release */ = {
			isa = XCBuildConfiguration;
			baseConfigurationReference = C736585CFF160BE543198C82 /* Pods-SampleECommerceApp-UIKit.release.xcconfig */;
			buildSettings = {
				ASSETCATALOG_COMPILER_APPICON_NAME = AppIcon;
				ASSETCATALOG_COMPILER_GLOBAL_ACCENT_COLOR_NAME = AccentColor;
				CODE_SIGN_STYLE = Automatic;
				DEVELOPMENT_TEAM = 85YSJX97S8;
				INFOPLIST_FILE = "SampleECommerceApp-UIKit/Info.plist";
				IPHONEOS_DEPLOYMENT_TARGET = 13.0;
				LD_RUNPATH_SEARCH_PATHS = (
					"$(inherited)",
					"@executable_path/Frameworks",
				);
				PRODUCT_BUNDLE_IDENTIFIER = "com.MuhammadRajab.SampleECommerceApp-UIKit";
				PRODUCT_NAME = "$(TARGET_NAME)";
				SWIFT_VERSION = 5.0;
				TARGETED_DEVICE_FAMILY = 1;
			};
			name = Release;
		};
		4EAA1586268713F4006954CA /* Debug */ = {
			isa = XCBuildConfiguration;
			baseConfigurationReference = C9882B036CF4CB4E19F277D8 /* Pods-SampleECommerceApp-UIKitTests.debug.xcconfig */;
			buildSettings = {
				ALWAYS_EMBED_SWIFT_STANDARD_LIBRARIES = YES;
				BUNDLE_LOADER = "$(TEST_HOST)";
				CODE_SIGN_STYLE = Automatic;
				DEVELOPMENT_TEAM = 85YSJX97S8;
				INFOPLIST_FILE = "SampleECommerceApp-UIKitTests/Info.plist";
				IPHONEOS_DEPLOYMENT_TARGET = 14.5;
				LD_RUNPATH_SEARCH_PATHS = (
					"$(inherited)",
					"@executable_path/Frameworks",
					"@loader_path/Frameworks",
				);
				PRODUCT_BUNDLE_IDENTIFIER = "com.MuhammadRajab.SampleECommerceApp-UIKitTests";
				PRODUCT_NAME = "$(TARGET_NAME)";
				SWIFT_VERSION = 5.0;
				TARGETED_DEVICE_FAMILY = "1,2";
				TEST_HOST = "$(BUILT_PRODUCTS_DIR)/SampleECommerceApp-UIKit.app/SampleECommerceApp-UIKit";
			};
			name = Debug;
		};
		4EAA1587268713F4006954CA /* Release */ = {
			isa = XCBuildConfiguration;
			baseConfigurationReference = 1ABA15329399A40944A03887 /* Pods-SampleECommerceApp-UIKitTests.release.xcconfig */;
			buildSettings = {
				ALWAYS_EMBED_SWIFT_STANDARD_LIBRARIES = YES;
				BUNDLE_LOADER = "$(TEST_HOST)";
				CODE_SIGN_STYLE = Automatic;
				DEVELOPMENT_TEAM = 85YSJX97S8;
				INFOPLIST_FILE = "SampleECommerceApp-UIKitTests/Info.plist";
				IPHONEOS_DEPLOYMENT_TARGET = 14.5;
				LD_RUNPATH_SEARCH_PATHS = (
					"$(inherited)",
					"@executable_path/Frameworks",
					"@loader_path/Frameworks",
				);
				PRODUCT_BUNDLE_IDENTIFIER = "com.MuhammadRajab.SampleECommerceApp-UIKitTests";
				PRODUCT_NAME = "$(TARGET_NAME)";
				SWIFT_VERSION = 5.0;
				TARGETED_DEVICE_FAMILY = "1,2";
				TEST_HOST = "$(BUILT_PRODUCTS_DIR)/SampleECommerceApp-UIKit.app/SampleECommerceApp-UIKit";
			};
			name = Release;
		};
		4EAA1589268713F4006954CA /* Debug */ = {
			isa = XCBuildConfiguration;
			baseConfigurationReference = 09F8CCAEC9ED74CB4281F829 /* Pods-SampleECommerceApp-UIKit-SampleECommerceApp-UIKitUITests.debug.xcconfig */;
			buildSettings = {
				ALWAYS_EMBED_SWIFT_STANDARD_LIBRARIES = YES;
				CODE_SIGN_STYLE = Automatic;
				DEVELOPMENT_TEAM = 85YSJX97S8;
				INFOPLIST_FILE = "SampleECommerceApp-UIKitUITests/Info.plist";
				LD_RUNPATH_SEARCH_PATHS = (
					"$(inherited)",
					"@executable_path/Frameworks",
					"@loader_path/Frameworks",
				);
				PRODUCT_BUNDLE_IDENTIFIER = "com.MuhammadRajab.SampleECommerceApp-UIKitUITests";
				PRODUCT_NAME = "$(TARGET_NAME)";
				SWIFT_VERSION = 5.0;
				TARGETED_DEVICE_FAMILY = "1,2";
				TEST_TARGET_NAME = "SampleECommerceApp-UIKit";
			};
			name = Debug;
		};
		4EAA158A268713F4006954CA /* Release */ = {
			isa = XCBuildConfiguration;
			baseConfigurationReference = A1FBC1E102998ECFAC2AEB45 /* Pods-SampleECommerceApp-UIKit-SampleECommerceApp-UIKitUITests.release.xcconfig */;
			buildSettings = {
				ALWAYS_EMBED_SWIFT_STANDARD_LIBRARIES = YES;
				CODE_SIGN_STYLE = Automatic;
				DEVELOPMENT_TEAM = 85YSJX97S8;
				INFOPLIST_FILE = "SampleECommerceApp-UIKitUITests/Info.plist";
				LD_RUNPATH_SEARCH_PATHS = (
					"$(inherited)",
					"@executable_path/Frameworks",
					"@loader_path/Frameworks",
				);
				PRODUCT_BUNDLE_IDENTIFIER = "com.MuhammadRajab.SampleECommerceApp-UIKitUITests";
				PRODUCT_NAME = "$(TARGET_NAME)";
				SWIFT_VERSION = 5.0;
				TARGETED_DEVICE_FAMILY = "1,2";
				TEST_TARGET_NAME = "SampleECommerceApp-UIKit";
			};
			name = Release;
		};
/* End XCBuildConfiguration section */

/* Begin XCConfigurationList section */
		4EAA1553268713F0006954CA /* Build configuration list for PBXProject "SampleECommerceApp-UIKit" */ = {
			isa = XCConfigurationList;
			buildConfigurations = (
				4EAA1580268713F4006954CA /* Debug */,
				4EAA1581268713F4006954CA /* Release */,
			);
			defaultConfigurationIsVisible = 0;
			defaultConfigurationName = Release;
		};
		4EAA1582268713F4006954CA /* Build configuration list for PBXNativeTarget "SampleECommerceApp-UIKit" */ = {
			isa = XCConfigurationList;
			buildConfigurations = (
				4EAA1583268713F4006954CA /* Debug */,
				4EAA1584268713F4006954CA /* Release */,
			);
			defaultConfigurationIsVisible = 0;
			defaultConfigurationName = Release;
		};
		4EAA1585268713F4006954CA /* Build configuration list for PBXNativeTarget "SampleECommerceApp-UIKitTests" */ = {
			isa = XCConfigurationList;
			buildConfigurations = (
				4EAA1586268713F4006954CA /* Debug */,
				4EAA1587268713F4006954CA /* Release */,
			);
			defaultConfigurationIsVisible = 0;
			defaultConfigurationName = Release;
		};
		4EAA1588268713F4006954CA /* Build configuration list for PBXNativeTarget "SampleECommerceApp-UIKitUITests" */ = {
			isa = XCConfigurationList;
			buildConfigurations = (
				4EAA1589268713F4006954CA /* Debug */,
				4EAA158A268713F4006954CA /* Release */,
			);
			defaultConfigurationIsVisible = 0;
			defaultConfigurationName = Release;
		};
/* End XCConfigurationList section */
	};
	rootObject = 4EAA1550268713F0006954CA /* Project object */;
}
